
Microsoft Visual Studio Solution File, Format Version 12.00
# Visual Studio 2013
VisualStudioVersion = 12.0.21005.1
MinimumVisualStudioVersion = 10.0.40219.1
Project("{FAE04EC0-301F-11D3-BF4B-00C04F79EFBC}") = "ITA Task 08 - Linq", "ITA Task 08 - Linq\ITA Task 08 - Linq.csproj", "{AF9E5BEC-9EA4-4B60-AEE2-1659BC76E3AC}"
EndProject
Global
	GlobalSection(SolutionConfigurationPlatforms) = preSolution
		Debug|Any CPU = Debug|Any CPU
		Release|Any CPU = Release|Any CPU
	EndGlobalSection
	GlobalSection(ProjectConfigurationPlatforms) = postSolution
		{AF9E5BEC-9EA4-4B60-AEE2-1659BC76E3AC}.Debug|Any CPU.ActiveCfg = Debug|Any CPU
		{AF9E5BEC-9EA4-4B60-AEE2-1659BC76E3AC}.Debug|Any CPU.Build.0 = Debug|Any CPU
		{AF9E5BEC-9EA4-4B60-AEE2-1659BC76E3AC}.Release|Any CPU.ActiveCfg = Release|Any CPU
		{AF9E5BEC-9EA4-4B60-AEE2-1659BC76E3AC}.Release|Any CPU.Build.0 = Release|Any CPU
	EndGlobalSection
	GlobalSection(SolutionProperties) = preSolution
		HideSolutionNode = FALSE
	EndGlobalSection
EndGlobal
